
Microsoft Visual Studio Solution File, Format Version 12.00
# Visual Studio Version 16
VisualStudioVersion = 16.0.32002.261
MinimumVisualStudioVersion = 10.0.40219.1
Project("{FAE04EC0-301F-11D3-BF4B-00C04F79EFBC}") = "WebApplication2", "WebApplication2\WebApplication2.csproj", "{5DE515D7-B1A4-497A-B33A-0B0621C3090F}"
EndProject
Global
	GlobalSection(SolutionConfigurationPlatforms) = preSolution
		Debug|Any CPU = Debug|Any CPU
		Release|Any CPU = Release|Any CPU
	EndGlobalSection
	GlobalSection(ProjectConfigurationPlatforms) = postSolution
		{5DE515D7-B1A4-497A-B33A-0B0621C3090F}.Debug|Any CPU.ActiveCfg = Debug|Any CPU
		{5DE515D7-B1A4-497A-B33A-0B0621C3090F}.Debug|Any CPU.Build.0 = Debug|Any CPU
		{5DE515D7-B1A4-497A-B33A-0B0621C3090F}.Release|Any CPU.ActiveCfg = Release|Any CPU
		{5DE515D7-B1A4-497A-B33A-0B0621C3090F}.Release|Any CPU.Build.0 = Release|Any CPU
	EndGlobalSection
	GlobalSection(SolutionProperties) = preSolution
		HideSolutionNode = FALSE
	EndGlobalSection
	GlobalSection(ExtensibilityGlobals) = postSolution
		SolutionGuid = {714E011C-8D87-4E47-B30C-D9BBAB8D9C0A}
	EndGlobalSection
EndGlobal
